
Microsoft Visual Studio Solution File, Format Version 12.00
# Visual Studio Version 17
VisualStudioVersion = 17.14.36518.9 d17.14
MinimumVisualStudioVersion = 10.0.40219.1
Project("{FAE04EC0-301F-11D3-BF4B-00C04F79EFBC}") = "Snooker", "Snooker.csproj", "{D1AC824F-2E51-4F57-832A-8C9852C54A02}"
EndProject
Global
	GlobalSection(SolutionConfigurationPlatforms) = preSolution
		Debug|Any CPU = Debug|Any CPU
		Release|Any CPU = Release|Any CPU
	EndGlobalSection
	GlobalSection(ProjectConfigurationPlatforms) = postSolution
		{D1AC824F-2E51-4F57-832A-8C9852C54A02}.Debug|Any CPU.ActiveCfg = Debug|Any CPU
		{D1AC824F-2E51-4F57-832A-8C9852C54A02}.Debug|Any CPU.Build.0 = Debug|Any CPU
		{D1AC824F-2E51-4F57-832A-8C9852C54A02}.Release|Any CPU.ActiveCfg = Release|Any CPU
		{D1AC824F-2E51-4F57-832A-8C9852C54A02}.Release|Any CPU.Build.0 = Release|Any CPU
	EndGlobalSection
	GlobalSection(SolutionProperties) = preSolution
		HideSolutionNode = FALSE
	EndGlobalSection
	GlobalSection(ExtensibilityGlobals) = postSolution
		SolutionGuid = {070FE730-B192-4B91-9212-B2618972418F}
	EndGlobalSection
EndGlobal
