
Microsoft Visual Studio Solution File, Format Version 12.00
# Visual Studio Version 17
VisualStudioVersion = 17.14.36518.9 d17.14
MinimumVisualStudioVersion = 10.0.40219.1
Project("{FAE04EC0-301F-11D3-BF4B-00C04F79EFBC}") = "vb", "vb.csproj", "{D7CBBD87-8CE1-40E6-937A-5EAFDEAA8911}"
EndProject
Global
	GlobalSection(SolutionConfigurationPlatforms) = preSolution
		Debug|Any CPU = Debug|Any CPU
		Release|Any CPU = Release|Any CPU
	EndGlobalSection
	GlobalSection(ProjectConfigurationPlatforms) = postSolution
		{D7CBBD87-8CE1-40E6-937A-5EAFDEAA8911}.Debug|Any CPU.ActiveCfg = Debug|Any CPU
		{D7CBBD87-8CE1-40E6-937A-5EAFDEAA8911}.Debug|Any CPU.Build.0 = Debug|Any CPU
		{D7CBBD87-8CE1-40E6-937A-5EAFDEAA8911}.Release|Any CPU.ActiveCfg = Release|Any CPU
		{D7CBBD87-8CE1-40E6-937A-5EAFDEAA8911}.Release|Any CPU.Build.0 = Release|Any CPU
	EndGlobalSection
	GlobalSection(SolutionProperties) = preSolution
		HideSolutionNode = FALSE
	EndGlobalSection
	GlobalSection(ExtensibilityGlobals) = postSolution
		SolutionGuid = {C317D430-2F46-4433-A61D-B066F726E880}
	EndGlobalSection
EndGlobal
